
Microsoft Visual Studio Solution File, Format Version 12.00
# Visual Studio Version 17
VisualStudioVersion = 17.5.33502.453
MinimumVisualStudioVersion = 10.0.40219.1
Project("{2150E333-8FDC-42A3-9474-1A3956D46DE8}") = "Internal", "Internal", "{A1B24CB1-CF9F-41CE-8970-226B84CC503D}"
	ProjectSection(SolutionItems) = preProject
		Internal\.editorconfig = Internal\.editorconfig
	EndProjectSection
EndProject
Project("{2150E333-8FDC-42A3-9474-1A3956D46DE8}") = "Scripts", "Scripts", "{56EE2527-5406-4780-B113-C8A4339CEB3F}"
EndProject
Project("{2150E333-8FDC-42A3-9474-1A3956D46DE8}") = "Dlls", "Dlls", "{7ABF1617-8593-4B74-AB5E-C19730B182B5}"
	ProjectSection(SolutionItems) = preProject
		Dlls\ABOUT.md = Dlls\ABOUT.md
	EndProjectSection
EndProject
Project("{2150E333-8FDC-42A3-9474-1A3956D46DE8}") = "CompanionFiles", "CompanionFiles", "{807000D0-4E25-4E47-94A8-DE8F677FB8DF}"
EndProject
Project("{2150E333-8FDC-42A3-9474-1A3956D46DE8}") = "Skyline DataMiner", "Skyline DataMiner", "{4BBB7757-7FE4-4121-BF2D-B99DE1B286AA}"
	ProjectSection(SolutionItems) = preProject
		CompanionFiles\Skyline DataMiner\AboutThisFolder.md = CompanionFiles\Skyline DataMiner\AboutThisFolder.md
	EndProjectSection
EndProject
Project("{2150E333-8FDC-42A3-9474-1A3956D46DE8}") = "Documentation", "Documentation", "{4F580244-7015-48D9-A527-4C18872DE85E}"
	ProjectSection(SolutionItems) = preProject
		Documentation\ABOUT.md = Documentation\ABOUT.md
		README.md = README.md
	EndProjectSection
EndProject
Project("{2150E333-8FDC-42A3-9474-1A3956D46DE8}") = "Tests", "Tests", "{F8938D60-51A0-4880-9CFC-19C66379BB5D}"
EndProject
Project("{2150E333-8FDC-42A3-9474-1A3956D46DE8}") = "Code Analysis", "Code Analysis", "{EA313553-1C29-42CC-BF9B-E15FE25F04B2}"
	ProjectSection(SolutionItems) = preProject
		Internal\Code Analysis\qaction-debug.ruleset = Internal\Code Analysis\qaction-debug.ruleset
		Internal\Code Analysis\qaction-release.ruleset = Internal\Code Analysis\qaction-release.ruleset
		Internal\Code Analysis\stylecop.json = Internal\Code Analysis\stylecop.json
	EndProjectSection
EndProject
Project("{2150E333-8FDC-42A3-9474-1A3956D46DE8}") = "TSK-AS-Take_Backup_Channel_Provisioning_Table", "TSK-AS-Take_Backup_Channel_Provisioning_Table", "{470DF41C-8755-4FC3-840C-5903575853F0}"
	ProjectSection(SolutionItems) = preProject
		TSK-AS-Take_Backup_Channel_Provisioning_Table.xml = TSK-AS-Take_Backup_Channel_Provisioning_Table.xml
	EndProjectSection
EndProject
Project("{2150E333-8FDC-42A3-9474-1A3956D46DE8}") = "Actions", "Actions", "{F6D9127B-241E-46F6-85DA-870CCE2E8F90}"
EndProject
Project("{9A19103F-16F7-4668-BE54-9A1E7A4F7556}") = "TSK-AS-Take_Backup_Channel_Provisioning_Table_1", "TSK-AS-Take_Backup_Channel_Provisioning_Table_1\TSK-AS-Take_Backup_Channel_Provisioning_Table_1.csproj", "{E693F608-74C6-44BB-87F4-1D1CF16442AB}"
EndProject
Global
	GlobalSection(SolutionConfigurationPlatforms) = preSolution
		Debug|Any CPU = Debug|Any CPU
		Release|Any CPU = Release|Any CPU
	EndGlobalSection
	GlobalSection(ProjectConfigurationPlatforms) = postSolution
		{E693F608-74C6-44BB-87F4-1D1CF16442AB}.Debug|Any CPU.ActiveCfg = Debug|Any CPU
		{E693F608-74C6-44BB-87F4-1D1CF16442AB}.Debug|Any CPU.Build.0 = Debug|Any CPU
		{E693F608-74C6-44BB-87F4-1D1CF16442AB}.Release|Any CPU.ActiveCfg = Release|Any CPU
		{E693F608-74C6-44BB-87F4-1D1CF16442AB}.Release|Any CPU.Build.0 = Release|Any CPU
	EndGlobalSection
	GlobalSection(SolutionProperties) = preSolution
		HideSolutionNode = FALSE
	EndGlobalSection
	GlobalSection(NestedProjects) = preSolution
		{4BBB7757-7FE4-4121-BF2D-B99DE1B286AA} = {807000D0-4E25-4E47-94A8-DE8F677FB8DF}
		{EA313553-1C29-42CC-BF9B-E15FE25F04B2} = {A1B24CB1-CF9F-41CE-8970-226B84CC503D}
		{470DF41C-8755-4FC3-840C-5903575853F0} = {56EE2527-5406-4780-B113-C8A4339CEB3F}
		{F6D9127B-241E-46F6-85DA-870CCE2E8F90} = {470DF41C-8755-4FC3-840C-5903575853F0}
		{E693F608-74C6-44BB-87F4-1D1CF16442AB} = {F6D9127B-241E-46F6-85DA-870CCE2E8F90}
	EndGlobalSection
	GlobalSection(ExtensibilityGlobals) = postSolution
		SolutionGuid = {7B1D0240-E793-4D0F-AD50-B0441A48C5B7}
	EndGlobalSection
EndGlobal
